
Microsoft Visual Studio Solution File, Format Version 12.00
# Visual Studio Version 16
VisualStudioVersion = 16.0.30804.86
MinimumVisualStudioVersion = 10.0.40219.1
Project("{FAE04EC0-301F-11D3-BF4B-00C04F79EFBC}") = "TelegramBotProject1", "TelegramBotProject1\TelegramBotProject1.csproj", "{44C166E5-1FBE-4841-9EE9-B89E6817D6DD}"
EndProject
Global
	GlobalSection(SolutionConfigurationPlatforms) = preSolution
		Debug|Any CPU = Debug|Any CPU
		Release|Any CPU = Release|Any CPU
	EndGlobalSection
	GlobalSection(ProjectConfigurationPlatforms) = postSolution
		{44C166E5-1FBE-4841-9EE9-B89E6817D6DD}.Debug|Any CPU.ActiveCfg = Debug|Any CPU
		{44C166E5-1FBE-4841-9EE9-B89E6817D6DD}.Debug|Any CPU.Build.0 = Debug|Any CPU
		{44C166E5-1FBE-4841-9EE9-B89E6817D6DD}.Release|Any CPU.ActiveCfg = Release|Any CPU
		{44C166E5-1FBE-4841-9EE9-B89E6817D6DD}.Release|Any CPU.Build.0 = Release|Any CPU
	EndGlobalSection
	GlobalSection(SolutionProperties) = preSolution
		HideSolutionNode = FALSE
	EndGlobalSection
	GlobalSection(ExtensibilityGlobals) = postSolution
		SolutionGuid = {B13CF3CC-E70B-4ACF-A772-AD95E5C6E947}
	EndGlobalSection
EndGlobal
